
Microsoft Visual Studio Solution File, Format Version 12.00
# Visual Studio Version 16
VisualStudioVersion = 16.0.29613.14
MinimumVisualStudioVersion = 10.0.40219.1
Project("{FAE04EC0-301F-11D3-BF4B-00C04F79EFBC}") = "MTKGamesWebAPI", "MTKGamesWebAPI\MTKGamesWebAPI.csproj", "{F11A5461-FAF2-4852-80BA-666274DEED09}"
EndProject
Global
	GlobalSection(SolutionConfigurationPlatforms) = preSolution
		Debug|Any CPU = Debug|Any CPU
		Release|Any CPU = Release|Any CPU
	EndGlobalSection
	GlobalSection(ProjectConfigurationPlatforms) = postSolution
		{F11A5461-FAF2-4852-80BA-666274DEED09}.Debug|Any CPU.ActiveCfg = Debug|Any CPU
		{F11A5461-FAF2-4852-80BA-666274DEED09}.Debug|Any CPU.Build.0 = Debug|Any CPU
		{F11A5461-FAF2-4852-80BA-666274DEED09}.Release|Any CPU.ActiveCfg = Release|Any CPU
		{F11A5461-FAF2-4852-80BA-666274DEED09}.Release|Any CPU.Build.0 = Release|Any CPU
	EndGlobalSection
	GlobalSection(SolutionProperties) = preSolution
		HideSolutionNode = FALSE
	EndGlobalSection
	GlobalSection(ExtensibilityGlobals) = postSolution
		SolutionGuid = {CC1E1FA7-95FD-462B-A04E-0B456045ADA2}
	EndGlobalSection
EndGlobal
